
Microsoft Visual Studio Solution File, Format Version 12.00
# Visual Studio 14
VisualStudioVersion = 14.0.25420.1
MinimumVisualStudioVersion = 10.0.40219.1
Project("{8BC9CEB8-8B4A-11D0-8D11-00A0C91BC942}") = "HttpAnalyzer", "HttpAnalyzer.vcxproj", "{DB0C76F1-A702-4A90-BA19-D50164B67561}"
EndProject
Project("{8BC9CEB8-8B4A-11D0-8D11-00A0C91BC942}") = "DnsSpoofing", "DnsSpoofing.vcxproj", "{29065821-1B39-49DF-B691-23C6F53AD20C}"
EndProject
Project("{8BC9CEB8-8B4A-11D0-8D11-00A0C91BC942}") = "DNSResolver", "DNSResolver.vcxproj", "{819003BA-67EE-48D4-90CD-8DEAAFE24507}"
EndProject
Project("{8BC9CEB8-8B4A-11D0-8D11-00A0C91BC942}") = "ArpSpoofing", "ArpSpoofing.vcxproj", "{50AEB02B-2C6A-44FF-8F97-7ED5D33FBB32}"
EndProject
Project("{8BC9CEB8-8B4A-11D0-8D11-00A0C91BC942}") = "Arping", "Arping.vcxproj", "{D79AF4DA-8676-45FC-9BD5-D1062DB923E1}"
EndProject
Project("{8BC9CEB8-8B4A-11D0-8D11-00A0C91BC942}") = "PcapPrinter", "PcapPrinter.vcxproj", "{A7329052-2138-48E2-BAC4-27C3985E0B1C}"
EndProject
Project("{8BC9CEB8-8B4A-11D0-8D11-00A0C91BC942}") = "PcapSearch", "PcapSearch.vcxproj", "{0ED1395D-F828-43B1-ABAE-B41D63748B3B}"
EndProject
Project("{8BC9CEB8-8B4A-11D0-8D11-00A0C91BC942}") = "IcmpFileTransfer-catcher", "IcmpFileTransfer-catcher.vcxproj", "{F95A3829-F561-4F8E-A0F7-B989E38146D0}"
EndProject
Project("{8BC9CEB8-8B4A-11D0-8D11-00A0C91BC942}") = "IcmpFileTransfer-pitcher", "IcmpFileTransfer-pitcher.vcxproj", "{F13C0C39-621C-452C-AFC6-E8E4A8F0ADB3}"
EndProject
Project("{8BC9CEB8-8B4A-11D0-8D11-00A0C91BC942}") = "SSLAnalyzer", "SSLAnalyzer.vcxproj", "{C119B650-41BF-401C-ACCD-4A67A1DF19B5}"
EndProject
Project("{8BC9CEB8-8B4A-11D0-8D11-00A0C91BC942}") = "PcapSplitter", "PcapSplitter.vcxproj", "{35303B4E-C1CB-4590-B91F-DD378C97568D}"
EndProject
Project("{8BC9CEB8-8B4A-11D0-8D11-00A0C91BC942}") = "TcpReassembly", "TcpReassembly.vcxproj", "{1081EC7A-F2A5-4BAD-AA12-662673A2A6E5}"
EndProject
Project("{8BC9CEB8-8B4A-11D0-8D11-00A0C91BC942}") = "IPFragUtil", "IPFragUtil.vcxproj", "{9C59AB30-E2CD-4564-829D-891BB9731D92}"
EndProject
Project("{8BC9CEB8-8B4A-11D0-8D11-00A0C91BC942}") = "IPDefragUtil", "IPDefragUtil.vcxproj", "{9FA4D556-863E-4766-B993-097E014533F5}"
EndProject
Global
	GlobalSection(SolutionConfigurationPlatforms) = preSolution
		Debug|x64 = Debug|x64
		Debug|x86 = Debug|x86
		Release|x64 = Release|x64
		Release|x86 = Release|x86
	EndGlobalSection
	GlobalSection(ProjectConfigurationPlatforms) = postSolution
		{DB0C76F1-A702-4A90-BA19-D50164B67561}.Debug|x64.ActiveCfg = Debug|x64
		{DB0C76F1-A702-4A90-BA19-D50164B67561}.Debug|x64.Build.0 = Debug|x64
		{DB0C76F1-A702-4A90-BA19-D50164B67561}.Debug|x86.ActiveCfg = Debug|Win32
		{DB0C76F1-A702-4A90-BA19-D50164B67561}.Debug|x86.Build.0 = Debug|Win32
		{DB0C76F1-A702-4A90-BA19-D50164B67561}.Release|x64.ActiveCfg = Release|x64
		{DB0C76F1-A702-4A90-BA19-D50164B67561}.Release|x64.Build.0 = Release|x64
		{DB0C76F1-A702-4A90-BA19-D50164B67561}.Release|x86.ActiveCfg = Release|Win32
		{DB0C76F1-A702-4A90-BA19-D50164B67561}.Release|x86.Build.0 = Release|Win32
		{29065821-1B39-49DF-B691-23C6F53AD20C}.Debug|x64.ActiveCfg = Debug|x64
		{29065821-1B39-49DF-B691-23C6F53AD20C}.Debug|x64.Build.0 = Debug|x64
		{29065821-1B39-49DF-B691-23C6F53AD20C}.Debug|x86.ActiveCfg = Debug|Win32
		{29065821-1B39-49DF-B691-23C6F53AD20C}.Debug|x86.Build.0 = Debug|Win32
		{29065821-1B39-49DF-B691-23C6F53AD20C}.Release|x64.ActiveCfg = Release|x64
		{29065821-1B39-49DF-B691-23C6F53AD20C}.Release|x64.Build.0 = Release|x64
		{29065821-1B39-49DF-B691-23C6F53AD20C}.Release|x86.ActiveCfg = Release|Win32
		{29065821-1B39-49DF-B691-23C6F53AD20C}.Release|x86.Build.0 = Release|Win32
		{819003BA-67EE-48D4-90CD-8DEAAFE24507}.Debug|x64.ActiveCfg = Debug|x64
		{819003BA-67EE-48D4-90CD-8DEAAFE24507}.Debug|x64.Build.0 = Debug|x64
		{819003BA-67EE-48D4-90CD-8DEAAFE24507}.Debug|x86.ActiveCfg = Debug|Win32
		{819003BA-67EE-48D4-90CD-8DEAAFE24507}.Debug|x86.Build.0 = Debug|Win32
		{819003BA-67EE-48D4-90CD-8DEAAFE24507}.Release|x64.ActiveCfg = Release|x64
		{819003BA-67EE-48D4-90CD-8DEAAFE24507}.Release|x64.Build.0 = Release|x64
		{819003BA-67EE-48D4-90CD-8DEAAFE24507}.Release|x86.ActiveCfg = Release|Win32
		{819003BA-67EE-48D4-90CD-8DEAAFE24507}.Release|x86.Build.0 = Release|Win32
		{50AEB02B-2C6A-44FF-8F97-7ED5D33FBB32}.Debug|x64.ActiveCfg = Debug|x64
		{50AEB02B-2C6A-44FF-8F97-7ED5D33FBB32}.Debug|x64.Build.0 = Debug|x64
		{50AEB02B-2C6A-44FF-8F97-7ED5D33FBB32}.Debug|x86.ActiveCfg = Debug|Win32
		{50AEB02B-2C6A-44FF-8F97-7ED5D33FBB32}.Debug|x86.Build.0 = Debug|Win32
		{50AEB02B-2C6A-44FF-8F97-7ED5D33FBB32}.Release|x64.ActiveCfg = Release|x64
		{50AEB02B-2C6A-44FF-8F97-7ED5D33FBB32}.Release|x64.Build.0 = Release|x64
		{50AEB02B-2C6A-44FF-8F97-7ED5D33FBB32}.Release|x86.ActiveCfg = Release|Win32
		{50AEB02B-2C6A-44FF-8F97-7ED5D33FBB32}.Release|x86.Build.0 = Release|Win32
		{D79AF4DA-8676-45FC-9BD5-D1062DB923E1}.Debug|x64.ActiveCfg = Debug|x64
		{D79AF4DA-8676-45FC-9BD5-D1062DB923E1}.Debug|x64.Build.0 = Debug|x64
		{D79AF4DA-8676-45FC-9BD5-D1062DB923E1}.Debug|x86.ActiveCfg = Debug|Win32
		{D79AF4DA-8676-45FC-9BD5-D1062DB923E1}.Debug|x86.Build.0 = Debug|Win32
		{D79AF4DA-8676-45FC-9BD5-D1062DB923E1}.Release|x64.ActiveCfg = Release|x64
		{D79AF4DA-8676-45FC-9BD5-D1062DB923E1}.Release|x64.Build.0 = Release|x64
		{D79AF4DA-8676-45FC-9BD5-D1062DB923E1}.Release|x86.ActiveCfg = Release|Win32
		{D79AF4DA-8676-45FC-9BD5-D1062DB923E1}.Release|x86.Build.0 = Release|Win32
		{A7329052-2138-48E2-BAC4-27C3985E0B1C}.Debug|x64.ActiveCfg = Debug|x64
		{A7329052-2138-48E2-BAC4-27C3985E0B1C}.Debug|x64.Build.0 = Debug|x64
		{A7329052-2138-48E2-BAC4-27C3985E0B1C}.Debug|x86.ActiveCfg = Debug|Win32
		{A7329052-2138-48E2-BAC4-27C3985E0B1C}.Debug|x86.Build.0 = Debug|Win32
		{A7329052-2138-48E2-BAC4-27C3985E0B1C}.Release|x64.ActiveCfg = Release|x64
		{A7329052-2138-48E2-BAC4-27C3985E0B1C}.Release|x64.Build.0 = Release|x64
		{A7329052-2138-48E2-BAC4-27C3985E0B1C}.Release|x86.ActiveCfg = Release|Win32
		{A7329052-2138-48E2-BAC4-27C3985E0B1C}.Release|x86.Build.0 = Release|Win32
		{0ED1395D-F828-43B1-ABAE-B41D63748B3B}.Debug|x64.ActiveCfg = Debug|x64
		{0ED1395D-F828-43B1-ABAE-B41D63748B3B}.Debug|x64.Build.0 = Debug|x64
		{0ED1395D-F828-43B1-ABAE-B41D63748B3B}.Debug|x86.ActiveCfg = Debug|Win32
		{0ED1395D-F828-43B1-ABAE-B41D63748B3B}.Debug|x86.Build.0 = Debug|Win32
		{0ED1395D-F828-43B1-ABAE-B41D63748B3B}.Release|x64.ActiveCfg = Release|x64
		{0ED1395D-F828-43B1-ABAE-B41D63748B3B}.Release|x64.Build.0 = Release|x64
		{0ED1395D-F828-43B1-ABAE-B41D63748B3B}.Release|x86.ActiveCfg = Release|Win32
		{0ED1395D-F828-43B1-ABAE-B41D63748B3B}.Release|x86.Build.0 = Release|Win32
		{F95A3829-F561-4F8E-A0F7-B989E38146D0}.Debug|x64.ActiveCfg = Debug|x64
		{F95A3829-F561-4F8E-A0F7-B989E38146D0}.Debug|x64.Build.0 = Debug|x64
		{F95A3829-F561-4F8E-A0F7-B989E38146D0}.Debug|x86.ActiveCfg = Debug|Win32
		{F95A3829-F561-4F8E-A0F7-B989E38146D0}.Debug|x86.Build.0 = Debug|Win32
		{F95A3829-F561-4F8E-A0F7-B989E38146D0}.Release|x64.ActiveCfg = Release|x64
		{F95A3829-F561-4F8E-A0F7-B989E38146D0}.Release|x64.Build.0 = Release|x64
		{F95A3829-F561-4F8E-A0F7-B989E38146D0}.Release|x86.ActiveCfg = Release|Win32
		{F95A3829-F561-4F8E-A0F7-B989E38146D0}.Release|x86.Build.0 = Release|Win32
		{F13C0C39-621C-452C-AFC6-E8E4A8F0ADB3}.Debug|x64.ActiveCfg = Debug|x64
		{F13C0C39-621C-452C-AFC6-E8E4A8F0ADB3}.Debug|x64.Build.0 = Debug|x64
		{F13C0C39-621C-452C-AFC6-E8E4A8F0ADB3}.Debug|x86.ActiveCfg = Debug|Win32
		{F13C0C39-621C-452C-AFC6-E8E4A8F0ADB3}.Debug|x86.Build.0 = Debug|Win32
		{F13C0C39-621C-452C-AFC6-E8E4A8F0ADB3}.Release|x64.ActiveCfg = Release|x64
		{F13C0C39-621C-452C-AFC6-E8E4A8F0ADB3}.Release|x64.Build.0 = Release|x64
		{F13C0C39-621C-452C-AFC6-E8E4A8F0ADB3}.Release|x86.ActiveCfg = Release|Win32
		{F13C0C39-621C-452C-AFC6-E8E4A8F0ADB3}.Release|x86.Build.0 = Release|Win32
		{C119B650-41BF-401C-ACCD-4A67A1DF19B5}.Debug|x64.ActiveCfg = Debug|x64
		{C119B650-41BF-401C-ACCD-4A67A1DF19B5}.Debug|x64.Build.0 = Debug|x64
		{C119B650-41BF-401C-ACCD-4A67A1DF19B5}.Debug|x86.ActiveCfg = Debug|Win32
		{C119B650-41BF-401C-ACCD-4A67A1DF19B5}.Debug|x86.Build.0 = Debug|Win32
		{C119B650-41BF-401C-ACCD-4A67A1DF19B5}.Release|x64.ActiveCfg = Release|x64
		{C119B650-41BF-401C-ACCD-4A67A1DF19B5}.Release|x64.Build.0 = Release|x64
		{C119B650-41BF-401C-ACCD-4A67A1DF19B5}.Release|x86.ActiveCfg = Release|Win32
		{C119B650-41BF-401C-ACCD-4A67A1DF19B5}.Release|x86.Build.0 = Release|Win32
		{35303B4E-C1CB-4590-B91F-DD378C97568D}.Debug|x64.ActiveCfg = Debug|x64
		{35303B4E-C1CB-4590-B91F-DD378C97568D}.Debug|x64.Build.0 = Debug|x64
		{35303B4E-C1CB-4590-B91F-DD378C97568D}.Debug|x86.ActiveCfg = Debug|Win32
		{35303B4E-C1CB-4590-B91F-DD378C97568D}.Debug|x86.Build.0 = Debug|Win32
		{35303B4E-C1CB-4590-B91F-DD378C97568D}.Release|x64.ActiveCfg = Release|x64
		{35303B4E-C1CB-4590-B91F-DD378C97568D}.Release|x64.Build.0 = Release|x64
		{35303B4E-C1CB-4590-B91F-DD378C97568D}.Release|x86.ActiveCfg = Release|Win32
		{35303B4E-C1CB-4590-B91F-DD378C97568D}.Release|x86.Build.0 = Release|Win32
		{1081EC7A-F2A5-4BAD-AA12-662673A2A6E5}.Debug|x64.ActiveCfg = Debug|x64
		{1081EC7A-F2A5-4BAD-AA12-662673A2A6E5}.Debug|x64.Build.0 = Debug|x64
		{1081EC7A-F2A5-4BAD-AA12-662673A2A6E5}.Debug|x86.ActiveCfg = Debug|Win32
		{1081EC7A-F2A5-4BAD-AA12-662673A2A6E5}.Debug|x86.Build.0 = Debug|Win32
		{1081EC7A-F2A5-4BAD-AA12-662673A2A6E5}.Release|x64.ActiveCfg = Release|x64
		{1081EC7A-F2A5-4BAD-AA12-662673A2A6E5}.Release|x64.Build.0 = Release|x64
		{1081EC7A-F2A5-4BAD-AA12-662673A2A6E5}.Release|x86.ActiveCfg = Release|Win32
		{1081EC7A-F2A5-4BAD-AA12-662673A2A6E5}.Release|x86.Build.0 = Release|Win32
		{9C59AB30-E2CD-4564-829D-891BB9731D92}.Debug|x64.ActiveCfg = Debug|x64
		{9C59AB30-E2CD-4564-829D-891BB9731D92}.Debug|x64.Build.0 = Debug|x64
		{9C59AB30-E2CD-4564-829D-891BB9731D92}.Debug|x86.ActiveCfg = Debug|Win32
		{9C59AB30-E2CD-4564-829D-891BB9731D92}.Debug|x86.Build.0 = Debug|Win32
		{9C59AB30-E2CD-4564-829D-891BB9731D92}.Release|x64.ActiveCfg = Release|x64
		{9C59AB30-E2CD-4564-829D-891BB9731D92}.Release|x64.Build.0 = Release|x64
		{9C59AB30-E2CD-4564-829D-891BB9731D92}.Release|x86.ActiveCfg = Release|Win32
		{9C59AB30-E2CD-4564-829D-891BB9731D92}.Release|x86.Build.0 = Release|Win32
		{9FA4D556-863E-4766-B993-097E014533F5}.Debug|x64.ActiveCfg = Debug|x64
		{9FA4D556-863E-4766-B993-097E014533F5}.Debug|x64.Build.0 = Debug|x64
		{9FA4D556-863E-4766-B993-097E014533F5}.Debug|x86.ActiveCfg = Debug|Win32
		{9FA4D556-863E-4766-B993-097E014533F5}.Debug|x86.Build.0 = Debug|Win32
		{9FA4D556-863E-4766-B993-097E014533F5}.Release|x64.ActiveCfg = Release|x64
		{9FA4D556-863E-4766-B993-097E014533F5}.Release|x64.Build.0 = Release|x64
		{9FA4D556-863E-4766-B993-097E014533F5}.Release|x86.ActiveCfg = Release|Win32
		{9FA4D556-863E-4766-B993-097E014533F5}.Release|x86.Build.0 = Release|Win32
	EndGlobalSection
	GlobalSection(SolutionProperties) = preSolution
		HideSolutionNode = FALSE
	EndGlobalSection
EndGlobal
